// !$*UTF8*$!
{
	archiveVersion = 1;
	classes = {
	};
	objectVersion = 46;
	objects = {

/* Begin PBXBuildFile section */
		EE9E1C1C1E47C3BD0074B1F6 /* AppDelegate.swift in Sources */ = {isa = PBXBuildFile; fileRef = EE9E1C1B1E47C3BD0074B1F6 /* AppDelegate.swift */; };
		EE9E1C211E47C3BD0074B1F6 /* Main.storyboard in Resources */ = {isa = PBXBuildFile; fileRef = EE9E1C1F1E47C3BD0074B1F6 /* Main.storyboard */; };
		EE9E1C241E47C3BD0074B1F6 /* TwitterTestTask.xcdatamodeld in Sources */ = {isa = PBXBuildFile; fileRef = EE9E1C221E47C3BD0074B1F6 /* TwitterTestTask.xcdatamodeld */; };
		EE9E1C261E47C3BD0074B1F6 /* Assets.xcassets in Resources */ = {isa = PBXBuildFile; fileRef = EE9E1C251E47C3BD0074B1F6 /* Assets.xcassets */; };
		EE9E1C291E47C3BD0074B1F6 /* LaunchScreen.storyboard in Resources */ = {isa = PBXBuildFile; fileRef = EE9E1C271E47C3BD0074B1F6 /* LaunchScreen.storyboard */; };
		EE9E1C311E47DEC90074B1F6 /* LoginViewController.swift in Sources */ = {isa = PBXBuildFile; fileRef = EE9E1C301E47DEC90074B1F6 /* LoginViewController.swift */; };
		EE9E1C331E47DEDF0074B1F6 /* FeedViewController.swift in Sources */ = {isa = PBXBuildFile; fileRef = EE9E1C321E47DEDF0074B1F6 /* FeedViewController.swift */; };
		EE9E1C351E47DEEC0074B1F6 /* TweetViewController.swift in Sources */ = {isa = PBXBuildFile; fileRef = EE9E1C341E47DEEC0074B1F6 /* TweetViewController.swift */; };
		EE9E1C371E47DEF40074B1F6 /* ProfileViewController.swift in Sources */ = {isa = PBXBuildFile; fileRef = EE9E1C361E47DEF40074B1F6 /* ProfileViewController.swift */; };
		EE9E1C3C1E47E4990074B1F6 /* TextTweetCell.swift in Sources */ = {isa = PBXBuildFile; fileRef = EE9E1C3B1E47E4990074B1F6 /* TextTweetCell.swift */; };
		EE9E1C3E1E47E4AB0074B1F6 /* ImageTweetCell.swift in Sources */ = {isa = PBXBuildFile; fileRef = EE9E1C3D1E47E4AB0074B1F6 /* ImageTweetCell.swift */; };
/* End PBXBuildFile section */

/* Begin PBXFileReference section */
		EE9E1C181E47C3BC0074B1F6 /* TwitterTestTask.app */ = {isa = PBXFileReference; explicitFileType = wrapper.application; includeInIndex = 0; path = TwitterTestTask.app; sourceTree = BUILT_PRODUCTS_DIR; };
		EE9E1C1B1E47C3BD0074B1F6 /* AppDelegate.swift */ = {isa = PBXFileReference; lastKnownFileType = sourcecode.swift; path = AppDelegate.swift; sourceTree = "<group>"; };
		EE9E1C201E47C3BD0074B1F6 /* Base */ = {isa = PBXFileReference; lastKnownFileType = file.storyboard; name = Base; path = Base.lproj/Main.storyboard; sourceTree = "<group>"; };
		EE9E1C231E47C3BD0074B1F6 /* TwitterTestTask.xcdatamodel */ = {isa = PBXFileReference; lastKnownFileType = wrapper.xcdatamodel; path = TwitterTestTask.xcdatamodel; sourceTree = "<group>"; };
		EE9E1C251E47C3BD0074B1F6 /* Assets.xcassets */ = {isa = PBXFileReference; lastKnownFileType = folder.assetcatalog; path = Assets.xcassets; sourceTree = "<group>"; };
		EE9E1C281E47C3BD0074B1F6 /* Base */ = {isa = PBXFileReference; lastKnownFileType = file.storyboard; name = Base; path = Base.lproj/LaunchScreen.storyboard; sourceTree = "<group>"; };
		EE9E1C2A1E47C3BD0074B1F6 /* Info.plist */ = {isa = PBXFileReference; lastKnownFileType = text.plist.xml; path = Info.plist; sourceTree = "<group>"; };
		EE9E1C301E47DEC90074B1F6 /* LoginViewController.swift */ = {isa = PBXFileReference; fileEncoding = 4; lastKnownFileType = sourcecode.swift; path = LoginViewController.swift; sourceTree = "<group>"; };
		EE9E1C321E47DEDF0074B1F6 /* FeedViewController.swift */ = {isa = PBXFileReference; fileEncoding = 4; lastKnownFileType = sourcecode.swift; path = FeedViewController.swift; sourceTree = "<group>"; };
		EE9E1C341E47DEEC0074B1F6 /* TweetViewController.swift */ = {isa = PBXFileReference; fileEncoding = 4; lastKnownFileType = sourcecode.swift; path = TweetViewController.swift; sourceTree = "<group>"; };
		EE9E1C361E47DEF40074B1F6 /* ProfileViewController.swift */ = {isa = PBXFileReference; fileEncoding = 4; lastKnownFileType = sourcecode.swift; path = ProfileViewController.swift; sourceTree = "<group>"; };
		EE9E1C3B1E47E4990074B1F6 /* TextTweetCell.swift */ = {isa = PBXFileReference; fileEncoding = 4; lastKnownFileType = sourcecode.swift; path = TextTweetCell.swift; sourceTree = "<group>"; };
		EE9E1C3D1E47E4AB0074B1F6 /* ImageTweetCell.swift */ = {isa = PBXFileReference; fileEncoding = 4; lastKnownFileType = sourcecode.swift; path = ImageTweetCell.swift; sourceTree = "<group>"; };
/* End PBXFileReference section */

/* Begin PBXFrameworksBuildPhase section */
		EE9E1C151E47C3BC0074B1F6 /* Frameworks */ = {
			isa = PBXFrameworksBuildPhase;
			buildActionMask = 2147483647;
			files = (
			);
			runOnlyForDeploymentPostprocessing = 0;
		};
/* End PBXFrameworksBuildPhase section */

/* Begin PBXGroup section */
		EE9E1C0F1E47C3BC0074B1F6 = {
			isa = PBXGroup;
			children = (
				EE9E1C1A1E47C3BD0074B1F6 /* TwitterTestTask */,
				EE9E1C191E47C3BC0074B1F6 /* Products */,
			);
			sourceTree = "<group>";
		};
		EE9E1C191E47C3BC0074B1F6 /* Products */ = {
			isa = PBXGroup;
			children = (
				EE9E1C181E47C3BC0074B1F6 /* TwitterTestTask.app */,
			);
			name = Products;
			sourceTree = "<group>";
		};
		EE9E1C1A1E47C3BD0074B1F6 /* TwitterTestTask */ = {
			isa = PBXGroup;
			children = (
				EE9E1C1B1E47C3BD0074B1F6 /* AppDelegate.swift */,
				EE9E1C1F1E47C3BD0074B1F6 /* Main.storyboard */,
				EE9E1C381E47E4540074B1F6 /* Login */,
				EE9E1C391E47E45B0074B1F6 /* Feed */,
				EE9E1C3A1E47E46D0074B1F6 /* Profile */,
				EE9E1C251E47C3BD0074B1F6 /* Assets.xcassets */,
				EE9E1C271E47C3BD0074B1F6 /* LaunchScreen.storyboard */,
				EE9E1C2A1E47C3BD0074B1F6 /* Info.plist */,
				EE9E1C221E47C3BD0074B1F6 /* TwitterTestTask.xcdatamodeld */,
			);
			path = TwitterTestTask;
			sourceTree = "<group>";
		};
		EE9E1C381E47E4540074B1F6 /* Login */ = {
			isa = PBXGroup;
			children = (
				EE9E1C301E47DEC90074B1F6 /* LoginViewController.swift */,
			);
			name = Login;
			sourceTree = "<group>";
		};
		EE9E1C391E47E45B0074B1F6 /* Feed */ = {
			isa = PBXGroup;
			children = (
				EE9E1C321E47DEDF0074B1F6 /* FeedViewController.swift */,
				EE9E1C3B1E47E4990074B1F6 /* TextTweetCell.swift */,
				EE9E1C3D1E47E4AB0074B1F6 /* ImageTweetCell.swift */,
				EE9E1C341E47DEEC0074B1F6 /* TweetViewController.swift */,
			);
			name = Feed;
			sourceTree = "<group>";
		};
		EE9E1C3A1E47E46D0074B1F6 /* Profile */ = {
			isa = PBXGroup;
			children = (
				EE9E1C361E47DEF40074B1F6 /* ProfileViewController.swift */,
			);
			name = Profile;
			sourceTree = "<group>";
		};
/* End PBXGroup section */

/* Begin PBXNativeTarget section */
		EE9E1C171E47C3BC0074B1F6 /* TwitterTestTask */ = {
			isa = PBXNativeTarget;
			buildConfigurationList = EE9E1C2D1E47C3BD0074B1F6 /* Build configuration list for PBXNativeTarget "TwitterTestTask" */;
			buildPhases = (
				EE9E1C141E47C3BC0074B1F6 /* Sources */,
				EE9E1C151E47C3BC0074B1F6 /* Frameworks */,
				EE9E1C161E47C3BC0074B1F6 /* Resources */,
			);
			buildRules = (
			);
			dependencies = (
			);
			name = TwitterTestTask;
			productName = TwitterTestTask;
			productReference = EE9E1C181E47C3BC0074B1F6 /* TwitterTestTask.app */;
			productType = "com.apple.product-type.application";
		};
/* End PBXNativeTarget section */

/* Begin PBXProject section */
		EE9E1C101E47C3BC0074B1F6 /* Project object */ = {
			isa = PBXProject;
			attributes = {
				LastSwiftUpdateCheck = 0820;
				LastUpgradeCheck = 0820;
				ORGANIZATIONNAME = obozhdi;
				TargetAttributes = {
					EE9E1C171E47C3BC0074B1F6 = {
						CreatedOnToolsVersion = 8.2.1;
						DevelopmentTeam = 9DLF37G2J3;
						ProvisioningStyle = Automatic;
					};
				};
			};
			buildConfigurationList = EE9E1C131E47C3BC0074B1F6 /* Build configuration list for PBXProject "TwitterTestTask" */;
			compatibilityVersion = "Xcode 3.2";
			developmentRegion = English;
			hasScannedForEncodings = 0;
			knownRegions = (
				en,
				Base,
			);
			mainGroup = EE9E1C0F1E47C3BC0074B1F6;
			productRefGroup = EE9E1C191E47C3BC0074B1F6 /* Products */;
			projectDirPath = "";
			projectRoot = "";
			targets = (
				EE9E1C171E47C3BC0074B1F6 /* TwitterTestTask */,
			);
		};
/* End PBXProject section */

/* Begin PBXResourcesBuildPhase section */
		EE9E1C161E47C3BC0074B1F6 /* Resources */ = {
			isa = PBXResourcesBuildPhase;
			buildActionMask = 2147483647;
			files = (
				EE9E1C291E47C3BD0074B1F6 /* LaunchScreen.storyboard in Resources */,
				EE9E1C261E47C3BD0074B1F6 /* Assets.xcassets in Resources */,
				EE9E1C211E47C3BD0074B1F6 /* Main.storyboard in Resources */,
			);
			runOnlyForDeploymentPostprocessing = 0;
		};
/* End PBXResourcesBuildPhase section */

/* Begin PBXSourcesBuildPhase section */
		EE9E1C141E47C3BC0074B1F6 /* Sources */ = {
			isa = PBXSourcesBuildPhase;
			buildActionMask = 2147483647;
			files = (
				EE9E1C371E47DEF40074B1F6 /* ProfileViewController.swift in Sources */,
				EE9E1C311E47DEC90074B1F6 /* LoginViewController.swift in Sources */,
				EE9E1C241E47C3BD0074B1F6 /* TwitterTestTask.xcdatamodeld in Sources */,
				EE9E1C3E1E47E4AB0074B1F6 /* ImageTweetCell.swift in Sources */,
				EE9E1C351E47DEEC0074B1F6 /* TweetViewController.swift in Sources */,
				EE9E1C3C1E47E4990074B1F6 /* TextTweetCell.swift in Sources */,
				EE9E1C331E47DEDF0074B1F6 /* FeedViewController.swift in Sources */,
				EE9E1C1C1E47C3BD0074B1F6 /* AppDelegate.swift in Sources */,
			);
			runOnlyForDeploymentPostprocessing = 0;
		};
/* End PBXSourcesBuildPhase section */

/* Begin PBXVariantGroup section */
		EE9E1C1F1E47C3BD0074B1F6 /* Main.storyboard */ = {
			isa = PBXVariantGroup;
			children = (
				EE9E1C201E47C3BD0074B1F6 /* Base */,
			);
			name = Main.storyboard;
			sourceTree = "<group>";
		};
		EE9E1C271E47C3BD0074B1F6 /* LaunchScreen.storyboard */ = {
			isa = PBXVariantGroup;
			children = (
				EE9E1C281E47C3BD0074B1F6 /* Base */,
			);
			name = LaunchScreen.storyboard;
			sourceTree = "<group>";
		};
/* End PBXVariantGroup section */

/* Begin XCBuildConfiguration section */
		EE9E1C2B1E47C3BD0074B1F6 /* Debug */ = {
			isa = XCBuildConfiguration;
			buildSettings = {
				ALWAYS_SEARCH_USER_PATHS = NO;
				CLANG_ANALYZER_NONNULL = YES;
				CLANG_CXX_LANGUAGE_STANDARD = "gnu++0x";
				CLANG_CXX_LIBRARY = "libc++";
				CLANG_ENABLE_MODULES = YES;
				CLANG_ENABLE_OBJC_ARC = YES;
				CLANG_WARN_BOOL_CONVERSION = YES;
				CLANG_WARN_CONSTANT_CONVERSION = YES;
				CLANG_WARN_DIRECT_OBJC_ISA_USAGE = YES_ERROR;
				CLANG_WARN_DOCUMENTATION_COMMENTS = YES;
				CLANG_WARN_EMPTY_BODY = YES;
				CLANG_WARN_ENUM_CONVERSION = YES;
				CLANG_WARN_INFINITE_RECURSION = YES;
				CLANG_WARN_INT_CONVERSION = YES;
				CLANG_WARN_OBJC_ROOT_CLASS = YES_ERROR;
				CLANG_WARN_SUSPICIOUS_MOVE = YES;
				CLANG_WARN_UNREACHABLE_CODE = YES;
				CLANG_WARN__DUPLICATE_METHOD_MATCH = YES;
				"CODE_SIGN_IDENTITY[sdk=iphoneos*]" = "iPhone Developer";
				COPY_PHASE_STRIP = NO;
				DEBUG_INFORMATION_FORMAT = dwarf;
				ENABLE_STRICT_OBJC_MSGSEND = YES;
				ENABLE_TESTABILITY = YES;
				GCC_C_LANGUAGE_STANDARD = gnu99;
				GCC_DYNAMIC_NO_PIC = NO;
				GCC_NO_COMMON_BLOCKS = YES;
				GCC_OPTIMIZATION_LEVEL = 0;
				GCC_PREPROCESSOR_DEFINITIONS = (
					"DEBUG=1",
					"$(inherited)",
				);
				GCC_WARN_64_TO_32_BIT_CONVERSION = YES;
				GCC_WARN_ABOUT_RETURN_TYPE = YES_ERROR;
				GCC_WARN_UNDECLARED_SELECTOR = YES;
				GCC_WARN_UNINITIALIZED_AUTOS = YES_AGGRESSIVE;
				GCC_WARN_UNUSED_FUNCTION = YES;
				GCC_WARN_UNUSED_VARIABLE = YES;
				IPHONEOS_DEPLOYMENT_TARGET = 10.2;
				MTL_ENABLE_DEBUG_INFO = YES;
				ONLY_ACTIVE_ARCH = YES;
				SDKROOT = iphoneos;
				SWIFT_ACTIVE_COMPILATION_CONDITIONS = DEBUG;
				SWIFT_OPTIMIZATION_LEVEL = "-Onone";
				TARGETED_DEVICE_FAMILY = "1,2";
			};
			name = Debug;
		};
		EE9E1C2C1E47C3BD0074B1F6 /* Release */ = {
			isa = XCBuildConfiguration;
			buildSettings = {
				ALWAYS_SEARCH_USER_PATHS = NO;
				CLANG_ANALYZER_NONNULL = YES;
				CLANG_CXX_LANGUAGE_STANDARD = "gnu++0x";
				CLANG_CXX_LIBRARY = "libc++";
				CLANG_ENABLE_MODULES = YES;
				CLANG_ENABLE_OBJC_ARC = YES;
				CLANG_WARN_BOOL_CONVERSION = YES;
				CLANG_WARN_CONSTANT_CONVERSION = YES;
				CLANG_WARN_DIRECT_OBJC_ISA_USAGE = YES_ERROR;
				CLANG_WARN_DOCUMENTATION_COMMENTS = YES;
				CLANG_WARN_EMPTY_BODY = YES;
				CLANG_WARN_ENUM_CONVERSION = YES;
				CLANG_WARN_INFINITE_RECURSION = YES;
				CLANG_WARN_INT_CONVERSION = YES;
				CLANG_WARN_OBJC_ROOT_CLASS = YES_ERROR;
				CLANG_WARN_SUSPICIOUS_MOVE = YES;
				CLANG_WARN_UNREACHABLE_CODE = YES;
				CLANG_WARN__DUPLICATE_METHOD_MATCH = YES;
				"CODE_SIGN_IDENTITY[sdk=iphoneos*]" = "iPhone Developer";
				COPY_PHASE_STRIP = NO;
				DEBUG_INFORMATION_FORMAT = "dwarf-with-dsym";
				ENABLE_NS_ASSERTIONS = NO;
				ENABLE_STRICT_OBJC_MSGSEND = YES;
				GCC_C_LANGUAGE_STANDARD = gnu99;
				GCC_NO_COMMON_BLOCKS = YES;
				GCC_WARN_64_TO_32_BIT_CONVERSION = YES;
				GCC_WARN_ABOUT_RETURN_TYPE = YES_ERROR;
				GCC_WARN_UNDECLARED_SELECTOR = YES;
				GCC_WARN_UNINITIALIZED_AUTOS = YES_AGGRESSIVE;
				GCC_WARN_UNUSED_FUNCTION = YES;
				GCC_WARN_UNUSED_VARIABLE = YES;
				IPHONEOS_DEPLOYMENT_TARGET = 10.2;
				MTL_ENABLE_DEBUG_INFO = NO;
				SDKROOT = iphoneos;
				SWIFT_OPTIMIZATION_LEVEL = "-Owholemodule";
				TARGETED_DEVICE_FAMILY = "1,2";
				VALIDATE_PRODUCT = YES;
			};
			name = Release;
		};
		EE9E1C2E1E47C3BD0074B1F6 /* Debug */ = {
			isa = XCBuildConfiguration;
			buildSettings = {
				ASSETCATALOG_COMPILER_APPICON_NAME = AppIcon;
				DEVELOPMENT_TEAM = 9DLF37G2J3;
				INFOPLIST_FILE = TwitterTestTask/Info.plist;
				LD_RUNPATH_SEARCH_PATHS = "$(inherited) @executable_path/Frameworks";
				PRODUCT_BUNDLE_IDENTIFIER = com.obodev.TwitterTestTask;
				PRODUCT_NAME = "$(TARGET_NAME)";
				SWIFT_VERSION = 3.0;
			};
			name = Debug;
		};
		EE9E1C2F1E47C3BD0074B1F6 /* Release */ = {
			isa = XCBuildConfiguration;
			buildSettings = {
				ASSETCATALOG_COMPILER_APPICON_NAME = AppIcon;
				DEVELOPMENT_TEAM = 9DLF37G2J3;
				INFOPLIST_FILE = TwitterTestTask/Info.plist;
				LD_RUNPATH_SEARCH_PATHS = "$(inherited) @executable_path/Frameworks";
				PRODUCT_BUNDLE_IDENTIFIER = com.obodev.TwitterTestTask;
				PRODUCT_NAME = "$(TARGET_NAME)";
				SWIFT_VERSION = 3.0;
			};
			name = Release;
		};
/* End XCBuildConfiguration section */

/* Begin XCConfigurationList section */
		EE9E1C131E47C3BC0074B1F6 /* Build configuration list for PBXProject "TwitterTestTask" */ = {
			isa = XCConfigurationList;
			buildConfigurations = (
				EE9E1C2B1E47C3BD0074B1F6 /* Debug */,
				EE9E1C2C1E47C3BD0074B1F6 /* Release */,
			);
			defaultConfigurationIsVisible = 0;
			defaultConfigurationName = Release;
		};
		EE9E1C2D1E47C3BD0074B1F6 /* Build configuration list for PBXNativeTarget "TwitterTestTask" */ = {
			isa = XCConfigurationList;
			buildConfigurations = (
				EE9E1C2E1E47C3BD0074B1F6 /* Debug */,
				EE9E1C2F1E47C3BD0074B1F6 /* Release */,
			);
			defaultConfigurationIsVisible = 0;
			defaultConfigurationName = Release;
		};
/* End XCConfigurationList section */

/* Begin XCVersionGroup section */
		EE9E1C221E47C3BD0074B1F6 /* TwitterTestTask.xcdatamodeld */ = {
			isa = XCVersionGroup;
			children = (
				EE9E1C231E47C3BD0074B1F6 /* TwitterTestTask.xcdatamodel */,
			);
			currentVersion = EE9E1C231E47C3BD0074B1F6 /* TwitterTestTask.xcdatamodel */;
			path = TwitterTestTask.xcdatamodeld;
			sourceTree = "<group>";
			versionGroupType = wrapper.xcdatamodel;
		};
/* End XCVersionGroup section */
	};
	rootObject = EE9E1C101E47C3BC0074B1F6 /* Project object */;
}
